Microsoft Visual Studio Solution File, Format Version 12.00
# Visual Studio Version 17
VisualStudioVersion = 17.5.2.0
MinimumVisualStudioVersion = 10.0.40219.1
Project("{2150E333-8FDC-42A3-9474-1A3956D46DE8}") = "ExampleCS", "ExampleCS", "{EBAC5D32-C8FF-8F27-40DF-03F19FB0CF41}"
EndProject
Project("{2150E333-8FDC-42A3-9474-1A3956D46DE8}") = "src", "src", "{00B149EA-E249-2D4C-1BE6-74BAD7EB31D7}"
EndProject
Project("{FAE04EC0-301F-11D3-BF4B-00C04F79EFBC}") = "ExampleCS", "ExampleCS\src\ExampleCS\ExampleCS.csproj", "{A708E381-DBF1-2992-21B1-ECC8C90E622C}"
EndProject
Project("{2150E333-8FDC-42A3-9474-1A3956D46DE8}") = "test", "test", "{635D9942-0693-CAA8-D4D4-63C021A426C8}"
EndProject
Project("{FAE04EC0-301F-11D3-BF4B-00C04F79EFBC}") = "ExampleCS.Tests", "ExampleCS\test\ExampleCS.Tests\ExampleCS.Tests.csproj", "{BBA8A70E-5692-E1A8-D9DC-DD9A956F0F7D}"
EndProject
Global
	GlobalSection(SolutionConfigurationPlatforms) = preSolution
		Debug|Any CPU = Debug|Any CPU
		Release|Any CPU = Release|Any CPU
	EndGlobalSection
	GlobalSection(ProjectConfigurationPlatforms) = postSolution
		{A708E381-DBF1-2992-21B1-ECC8C90E622C}.Debug|Any CPU.ActiveCfg = Debug|Any CPU
		{A708E381-DBF1-2992-21B1-ECC8C90E622C}.Debug|Any CPU.Build.0 = Debug|Any CPU
		{A708E381-DBF1-2992-21B1-ECC8C90E622C}.Release|Any CPU.ActiveCfg = Release|Any CPU
		{A708E381-DBF1-2992-21B1-ECC8C90E622C}.Release|Any CPU.Build.0 = Release|Any CPU
		{BBA8A70E-5692-E1A8-D9DC-DD9A956F0F7D}.Debug|Any CPU.ActiveCfg = Debug|Any CPU
		{BBA8A70E-5692-E1A8-D9DC-DD9A956F0F7D}.Debug|Any CPU.Build.0 = Debug|Any CPU
		{BBA8A70E-5692-E1A8-D9DC-DD9A956F0F7D}.Release|Any CPU.ActiveCfg = Release|Any CPU
		{BBA8A70E-5692-E1A8-D9DC-DD9A956F0F7D}.Release|Any CPU.Build.0 = Release|Any CPU
	EndGlobalSection
	GlobalSection(SolutionProperties) = preSolution
		HideSolutionNode = FALSE
	EndGlobalSection
	GlobalSection(NestedProjects) = preSolution
		{00B149EA-E249-2D4C-1BE6-74BAD7EB31D7} = {EBAC5D32-C8FF-8F27-40DF-03F19FB0CF41}
		{A708E381-DBF1-2992-21B1-ECC8C90E622C} = {00B149EA-E249-2D4C-1BE6-74BAD7EB31D7}
		{635D9942-0693-CAA8-D4D4-63C021A426C8} = {EBAC5D32-C8FF-8F27-40DF-03F19FB0CF41}
		{BBA8A70E-5692-E1A8-D9DC-DD9A956F0F7D} = {635D9942-0693-CAA8-D4D4-63C021A426C8}
	EndGlobalSection
	GlobalSection(ExtensibilityGlobals) = postSolution
		SolutionGuid = {E016BFF2-3375-48F7-972B-7BC8AEADB33B}
	EndGlobalSection
EndGlobal
